
Microsoft Visual Studio Solution File, Format Version 12.00
# Visual Studio 15
VisualStudioVersion = 15.0.28307.106
MinimumVisualStudioVersion = 10.0.40219.1
Project("{FAE04EC0-301F-11D3-BF4B-00C04F79EFBC}") = "triangles", "triangles\triangles.csproj", "{9F499114-ED41-43AC-8787-8ECF82EFC131}"
EndProject
Global
	GlobalSection(SolutionConfigurationPlatforms) = preSolution
		Debug|Any CPU = Debug|Any CPU
		Release|Any CPU = Release|Any CPU
	EndGlobalSection
	GlobalSection(ProjectConfigurationPlatforms) = postSolution
		{9F499114-ED41-43AC-8787-8ECF82EFC131}.Debug|Any CPU.ActiveCfg = Debug|Any CPU
		{9F499114-ED41-43AC-8787-8ECF82EFC131}.Debug|Any CPU.Build.0 = Debug|Any CPU
		{9F499114-ED41-43AC-8787-8ECF82EFC131}.Release|Any CPU.ActiveCfg = Release|Any CPU
		{9F499114-ED41-43AC-8787-8ECF82EFC131}.Release|Any CPU.Build.0 = Release|Any CPU
	EndGlobalSection
	GlobalSection(SolutionProperties) = preSolution
		HideSolutionNode = FALSE
	EndGlobalSection
	GlobalSection(ExtensibilityGlobals) = postSolution
		SolutionGuid = {439BDE32-0250-4E27-BC84-07E0433B08D2}
	EndGlobalSection
EndGlobal
